// !$*UTF8*$!
{
	archiveVersion = 1;
	classes = {
	};
	objectVersion = 50;
	objects = {

/* Begin PBXBuildFile section */
		D92D36B32243C67500B08FB5 /* AppDelegate.swift in Sources */ = {isa = PBXBuildFile; fileRef = D92D36B22243C67500B08FB5 /* AppDelegate.swift */; };
		D92D36B82243C67500B08FB5 /* Main.storyboard in Resources */ = {isa = PBXBuildFile; fileRef = D92D36B62243C67500B08FB5 /* Main.storyboard */; };
		D92D36BA2243C67700B08FB5 /* Assets.xcassets in Resources */ = {isa = PBXBuildFile; fileRef = D92D36B92243C67700B08FB5 /* Assets.xcassets */; };
		D92D36BD2243C67700B08FB5 /* LaunchScreen.storyboard in Resources */ = {isa = PBXBuildFile; fileRef = D92D36BB2243C67700B08FB5 /* LaunchScreen.storyboard */; };
		D92D36C52243C7C000B08FB5 /* TableViewController.swift in Sources */ = {isa = PBXBuildFile; fileRef = D92D36C42243C7C000B08FB5 /* TableViewController.swift */; };
		D92D36C72243C7F600B08FB5 /* PageViewController.swift in Sources */ = {isa = PBXBuildFile; fileRef = D92D36C62243C7F600B08FB5 /* PageViewController.swift */; };
		D92D36C92243CAAE00B08FB5 /* ViewController.swift in Sources */ = {isa = PBXBuildFile; fileRef = D92D36C82243CAAE00B08FB5 /* ViewController.swift */; };
/* End PBXBuildFile section */

/* Begin PBXFileReference section */
		D92D36AF2243C67500B08FB5 /* UITableViewWithUIpageViewWithCode.app */ = {isa = PBXFileReference; explicitFileType = wrapper.application; includeInIndex = 0; path = UITableViewWithUIpageViewWithCode.app; sourceTree = BUILT_PRODUCTS_DIR; };
		D92D36B22243C67500B08FB5 /* AppDelegate.swift */ = {isa = PBXFileReference; lastKnownFileType = sourcecode.swift; path = AppDelegate.swift; sourceTree = "<group>"; };
		D92D36B72243C67500B08FB5 /* Base */ = {isa = PBXFileReference; lastKnownFileType = file.storyboard; name = Base; path = Base.lproj/Main.storyboard; sourceTree = "<group>"; };
		D92D36B92243C67700B08FB5 /* Assets.xcassets */ = {isa = PBXFileReference; lastKnownFileType = folder.assetcatalog; path = Assets.xcassets; sourceTree = "<group>"; };
		D92D36BC2243C67700B08FB5 /* Base */ = {isa = PBXFileReference; lastKnownFileType = file.storyboard; name = Base; path = Base.lproj/LaunchScreen.storyboard; sourceTree = "<group>"; };
		D92D36BE2243C67700B08FB5 /* Info.plist */ = {isa = PBXFileReference; lastKnownFileType = text.plist.xml; path = Info.plist; sourceTree = "<group>"; };
		D92D36C42243C7C000B08FB5 /* TableViewController.swift */ = {isa = PBXFileReference; lastKnownFileType = sourcecode.swift; path = TableViewController.swift; sourceTree = "<group>"; };
		D92D36C62243C7F600B08FB5 /* PageViewController.swift */ = {isa = PBXFileReference; lastKnownFileType = sourcecode.swift; path = PageViewController.swift; sourceTree = "<group>"; };
		D92D36C82243CAAE00B08FB5 /* ViewController.swift */ = {isa = PBXFileReference; lastKnownFileType = sourcecode.swift; path = ViewController.swift; sourceTree = "<group>"; };
/* End PBXFileReference section */

/* Begin PBXFrameworksBuildPhase section */
		D92D36AC2243C67500B08FB5 /* Frameworks */ = {
			isa = PBXFrameworksBuildPhase;
			buildActionMask = 2147483647;
			files = (
			);
			runOnlyForDeploymentPostprocessing = 0;
		};
/* End PBXFrameworksBuildPhase section */

/* Begin PBXGroup section */
		D92D36A62243C67500B08FB5 = {
			isa = PBXGroup;
			children = (
				D92D36B12243C67500B08FB5 /* UITableViewWithUIpageViewWithCode */,
				D92D36B02243C67500B08FB5 /* Products */,
			);
			sourceTree = "<group>";
		};
		D92D36B02243C67500B08FB5 /* Products */ = {
			isa = PBXGroup;
			children = (
				D92D36AF2243C67500B08FB5 /* UITableViewWithUIpageViewWithCode.app */,
			);
			name = Products;
			sourceTree = "<group>";
		};
		D92D36B12243C67500B08FB5 /* UITableViewWithUIpageViewWithCode */ = {
			isa = PBXGroup;
			children = (
				D92D36B22243C67500B08FB5 /* AppDelegate.swift */,
				D92D36B62243C67500B08FB5 /* Main.storyboard */,
				D92D36C42243C7C000B08FB5 /* TableViewController.swift */,
				D92D36C82243CAAE00B08FB5 /* ViewController.swift */,
				D92D36C62243C7F600B08FB5 /* PageViewController.swift */,
				D92D36B92243C67700B08FB5 /* Assets.xcassets */,
				D92D36BB2243C67700B08FB5 /* LaunchScreen.storyboard */,
				D92D36BE2243C67700B08FB5 /* Info.plist */,
			);
			path = UITableViewWithUIpageViewWithCode;
			sourceTree = "<group>";
		};
/* End PBXGroup section */

/* Begin PBXNativeTarget section */
		D92D36AE2243C67500B08FB5 /* UITableViewWithUIpageViewWithCode */ = {
			isa = PBXNativeTarget;
			buildConfigurationList = D92D36C12243C67700B08FB5 /* Build configuration list for PBXNativeTarget "UITableViewWithUIpageViewWithCode" */;
			buildPhases = (
				D92D36AB2243C67500B08FB5 /* Sources */,
				D92D36AC2243C67500B08FB5 /* Frameworks */,
				D92D36AD2243C67500B08FB5 /* Resources */,
			);
			buildRules = (
			);
			dependencies = (
			);
			name = UITableViewWithUIpageViewWithCode;
			productName = UITableViewWithUIpageViewWithCode;
			productReference = D92D36AF2243C67500B08FB5 /* UITableViewWithUIpageViewWithCode.app */;
			productType = "com.apple.product-type.application";
		};
/* End PBXNativeTarget section */

/* Begin PBXProject section */
		D92D36A72243C67500B08FB5 /* Project object */ = {
			isa = PBXProject;
			attributes = {
				LastSwiftUpdateCheck = 1010;
				LastUpgradeCheck = 1010;
				ORGANIZATIONNAME = "Johansson Group";
				TargetAttributes = {
					D92D36AE2243C67500B08FB5 = {
						CreatedOnToolsVersion = 10.1;
					};
				};
			};
			buildConfigurationList = D92D36AA2243C67500B08FB5 /* Build configuration list for PBXProject "UITableViewWithUIpageViewWithCode" */;
			compatibilityVersion = "Xcode 9.3";
			developmentRegion = en;
			hasScannedForEncodings = 0;
			knownRegions = (
				en,
				Base,
			);
			mainGroup = D92D36A62243C67500B08FB5;
			productRefGroup = D92D36B02243C67500B08FB5 /* Products */;
			projectDirPath = "";
			projectRoot = "";
			targets = (
				D92D36AE2243C67500B08FB5 /* UITableViewWithUIpageViewWithCode */,
			);
		};
/* End PBXProject section */

/* Begin PBXResourcesBuildPhase section */
		D92D36AD2243C67500B08FB5 /* Resources */ = {
			isa = PBXResourcesBuildPhase;
			buildActionMask = 2147483647;
			files = (
				D92D36BD2243C67700B08FB5 /* LaunchScreen.storyboard in Resources */,
				D92D36BA2243C67700B08FB5 /* Assets.xcassets in Resources */,
				D92D36B82243C67500B08FB5 /* Main.storyboard in Resources */,
			);
			runOnlyForDeploymentPostprocessing = 0;
		};
/* End PBXResourcesBuildPhase section */

/* Begin PBXSourcesBuildPhase section */
		D92D36AB2243C67500B08FB5 /* Sources */ = {
			isa = PBXSourcesBuildPhase;
			buildActionMask = 2147483647;
			files = (
				D92D36C72243C7F600B08FB5 /* PageViewController.swift in Sources */,
				D92D36B32243C67500B08FB5 /* AppDelegate.swift in Sources */,
				D92D36C92243CAAE00B08FB5 /* ViewController.swift in Sources */,
				D92D36C52243C7C000B08FB5 /* TableViewController.swift in Sources */,
			);
			runOnlyForDeploymentPostprocessing = 0;
		};
/* End PBXSourcesBuildPhase section */

/* Begin PBXVariantGroup section */
		D92D36B62243C67500B08FB5 /* Main.storyboard */ = {
			isa = PBXVariantGroup;
			children = (
				D92D36B72243C67500B08FB5 /* Base */,
			);
			name = Main.storyboard;
			sourceTree = "<group>";
		};
		D92D36BB2243C67700B08FB5 /* LaunchScreen.storyboard */ = {
			isa = PBXVariantGroup;
			children = (
				D92D36BC2243C67700B08FB5 /* Base */,
			);
			name = LaunchScreen.storyboard;
			sourceTree = "<group>";
		};
/* End PBXVariantGroup section */

/* Begin XCBuildConfiguration section */
		D92D36BF2243C67700B08FB5 /* Debug */ = {
			isa = XCBuildConfiguration;
			buildSettings = {
				ALWAYS_SEARCH_USER_PATHS = NO;
				CLANG_ANALYZER_NONNULL = YES;
				CLANG_ANALYZER_NUMBER_OBJECT_CONVERSION = YES_AGGRESSIVE;
				CLANG_CXX_LANGUAGE_STANDARD = "gnu++14";
				CLANG_CXX_LIBRARY = "libc++";
				CLANG_ENABLE_MODULES = YES;
				CLANG_ENABLE_OBJC_ARC = YES;
				CLANG_ENABLE_OBJC_WEAK = YES;
				CLANG_WARN_BLOCK_CAPTURE_AUTORELEASING = YES;
				CLANG_WARN_BOOL_CONVERSION = YES;
				CLANG_WARN_COMMA = YES;
				CLANG_WARN_CONSTANT_CONVERSION = YES;
				CLANG_WARN_DEPRECATED_OBJC_IMPLEMENTATIONS = YES;
				CLANG_WARN_DIRECT_OBJC_ISA_USAGE = YES_ERROR;
				CLANG_WARN_DOCUMENTATION_COMMENTS = YES;
				CLANG_WARN_EMPTY_BODY = YES;
				CLANG_WARN_ENUM_CONVERSION = YES;
				CLANG_WARN_INFINITE_RECURSION = YES;
				CLANG_WARN_INT_CONVERSION = YES;
				CLANG_WARN_NON_LITERAL_NULL_CONVERSION = YES;
				CLANG_WARN_OBJC_IMPLICIT_RETAIN_SELF = YES;
				CLANG_WARN_OBJC_LITERAL_CONVERSION = YES;
				CLANG_WARN_OBJC_ROOT_CLASS = YES_ERROR;
				CLANG_WARN_RANGE_LOOP_ANALYSIS = YES;
				CLANG_WARN_STRICT_PROTOTYPES = YES;
				CLANG_WARN_SUSPICIOUS_MOVE = YES;
				CLANG_WARN_UNGUARDED_AVAILABILITY = YES_AGGRESSIVE;
				CLANG_WARN_UNREACHABLE_CODE = YES;
				CLANG_WARN__DUPLICATE_METHOD_MATCH = YES;
				CODE_SIGN_IDENTITY = "iPhone Developer";
				COPY_PHASE_STRIP = NO;
				DEBUG_INFORMATION_FORMAT = dwarf;
				ENABLE_STRICT_OBJC_MSGSEND = YES;
				ENABLE_TESTABILITY = YES;
				GCC_C_LANGUAGE_STANDARD = gnu11;
				GCC_DYNAMIC_NO_PIC = NO;
				GCC_NO_COMMON_BLOCKS = YES;
				GCC_OPTIMIZATION_LEVEL = 0;
				GCC_PREPROCESSOR_DEFINITIONS = (
					"DEBUG=1",
					"$(inherited)",
				);
				GCC_WARN_64_TO_32_BIT_CONVERSION = YES;
				GCC_WARN_ABOUT_RETURN_TYPE = YES_ERROR;
				GCC_WARN_UNDECLARED_SELECTOR = YES;
				GCC_WARN_UNINITIALIZED_AUTOS = YES_AGGRESSIVE;
				GCC_WARN_UNUSED_FUNCTION = YES;
				GCC_WARN_UNUSED_VARIABLE = YES;
				IPHONEOS_DEPLOYMENT_TARGET = 12.1;
				MTL_ENABLE_DEBUG_INFO = INCLUDE_SOURCE;
				MTL_FAST_MATH = YES;
				ONLY_ACTIVE_ARCH = YES;
				SDKROOT = iphoneos;
				SWIFT_ACTIVE_COMPILATION_CONDITIONS = DEBUG;
				SWIFT_OPTIMIZATION_LEVEL = "-Onone";
			};
			name = Debug;
		};
		D92D36C02243C67700B08FB5 /* Release */ = {
			isa = XCBuildConfiguration;
			buildSettings = {
				ALWAYS_SEARCH_USER_PATHS = NO;
				CLANG_ANALYZER_NONNULL = YES;
				CLANG_ANALYZER_NUMBER_OBJECT_CONVERSION = YES_AGGRESSIVE;
				CLANG_CXX_LANGUAGE_STANDARD = "gnu++14";
				CLANG_CXX_LIBRARY = "libc++";
				CLANG_ENABLE_MODULES = YES;
				CLANG_ENABLE_OBJC_ARC = YES;
				CLANG_ENABLE_OBJC_WEAK = YES;
				CLANG_WARN_BLOCK_CAPTURE_AUTORELEASING = YES;
				CLANG_WARN_BOOL_CONVERSION = YES;
				CLANG_WARN_COMMA = YES;
				CLANG_WARN_CONSTANT_CONVERSION = YES;
				CLANG_WARN_DEPRECATED_OBJC_IMPLEMENTATIONS = YES;
				CLANG_WARN_DIRECT_OBJC_ISA_USAGE = YES_ERROR;
				CLANG_WARN_DOCUMENTATION_COMMENTS = YES;
				CLANG_WARN_EMPTY_BODY = YES;
				CLANG_WARN_ENUM_CONVERSION = YES;
				CLANG_WARN_INFINITE_RECURSION = YES;
				CLANG_WARN_INT_CONVERSION = YES;
				CLANG_WARN_NON_LITERAL_NULL_CONVERSION = YES;
				CLANG_WARN_OBJC_IMPLICIT_RETAIN_SELF = YES;
				CLANG_WARN_OBJC_LITERAL_CONVERSION = YES;
				CLANG_WARN_OBJC_ROOT_CLASS = YES_ERROR;
				CLANG_WARN_RANGE_LOOP_ANALYSIS = YES;
				CLANG_WARN_STRICT_PROTOTYPES = YES;
				CLANG_WARN_SUSPICIOUS_MOVE = YES;
				CLANG_WARN_UNGUARDED_AVAILABILITY = YES_AGGRESSIVE;
				CLANG_WARN_UNREACHABLE_CODE = YES;
				CLANG_WARN__DUPLICATE_METHOD_MATCH = YES;
				CODE_SIGN_IDENTITY = "iPhone Developer";
				COPY_PHASE_STRIP = NO;
				DEBUG_INFORMATION_FORMAT = "dwarf-with-dsym";
				ENABLE_NS_ASSERTIONS = NO;
				ENABLE_STRICT_OBJC_MSGSEND = YES;
				GCC_C_LANGUAGE_STANDARD = gnu11;
				GCC_NO_COMMON_BLOCKS = YES;
				GCC_WARN_64_TO_32_BIT_CONVERSION = YES;
				GCC_WARN_ABOUT_RETURN_TYPE = YES_ERROR;
				GCC_WARN_UNDECLARED_SELECTOR = YES;
				GCC_WARN_UNINITIALIZED_AUTOS = YES_AGGRESSIVE;
				GCC_WARN_UNUSED_FUNCTION = YES;
				GCC_WARN_UNUSED_VARIABLE = YES;
				IPHONEOS_DEPLOYMENT_TARGET = 12.1;
				MTL_ENABLE_DEBUG_INFO = NO;
				MTL_FAST_MATH = YES;
				SDKROOT = iphoneos;
				SWIFT_COMPILATION_MODE = wholemodule;
				SWIFT_OPTIMIZATION_LEVEL = "-O";
				VALIDATE_PRODUCT = YES;
			};
			name = Release;
		};
		D92D36C22243C67700B08FB5 /* Debug */ = {
			isa = XCBuildConfiguration;
			buildSettings = {
				ASSETCATALOG_COMPILER_APPICON_NAME = AppIcon;
				CODE_SIGN_STYLE = Automatic;
				DEVELOPMENT_TEAM = B4FXKBHXYA;
				INFOPLIST_FILE = UITableViewWithUIpageViewWithCode/Info.plist;
				LD_RUNPATH_SEARCH_PATHS = (
					"$(inherited)",
					"@executable_path/Frameworks",
				);
				PRODUCT_BUNDLE_IDENTIFIER = JG.UITableViewWithUIpageViewWithCode;
				PRODUCT_NAME = "$(TARGET_NAME)";
				SWIFT_VERSION = 4.2;
				TARGETED_DEVICE_FAMILY = "1,2";
			};
			name = Debug;
		};
		D92D36C32243C67700B08FB5 /* Release */ = {
			isa = XCBuildConfiguration;
			buildSettings = {
				ASSETCATALOG_COMPILER_APPICON_NAME = AppIcon;
				CODE_SIGN_STYLE = Automatic;
				DEVELOPMENT_TEAM = B4FXKBHXYA;
				INFOPLIST_FILE = UITableViewWithUIpageViewWithCode/Info.plist;
				LD_RUNPATH_SEARCH_PATHS = (
					"$(inherited)",
					"@executable_path/Frameworks",
				);
				PRODUCT_BUNDLE_IDENTIFIER = JG.UITableViewWithUIpageViewWithCode;
				PRODUCT_NAME = "$(TARGET_NAME)";
				SWIFT_VERSION = 4.2;
				TARGETED_DEVICE_FAMILY = "1,2";
			};
			name = Release;
		};
/* End XCBuildConfiguration section */

/* Begin XCConfigurationList section */
		D92D36AA2243C67500B08FB5 /* Build configuration list for PBXProject "UITableViewWithUIpageViewWithCode" */ = {
			isa = XCConfigurationList;
			buildConfigurations = (
				D92D36BF2243C67700B08FB5 /* Debug */,
				D92D36C02243C67700B08FB5 /* Release */,
			);
			defaultConfigurationIsVisible = 0;
			defaultConfigurationName = Release;
		};
		D92D36C12243C67700B08FB5 /* Build configuration list for PBXNativeTarget "UITableViewWithUIpageViewWithCode" */ = {
			isa = XCConfigurationList;
			buildConfigurations = (
				D92D36C22243C67700B08FB5 /* Debug */,
				D92D36C32243C67700B08FB5 /* Release */,
			);
			defaultConfigurationIsVisible = 0;
			defaultConfigurationName = Release;
		};
/* End XCConfigurationList section */
	};
	rootObject = D92D36A72243C67500B08FB5 /* Project object */;
}
